// !$*UTF8*$!
{
	archiveVersion = 1;
	classes = {
	};
	objectVersion = 56;
	objects = {

/* Begin PBXBuildFile section */
		BD550D602C120784004EE114 /* AboutMeApp.swift in Sources */ = {isa = PBXBuildFile; fileRef = BD550D5F2C120784004EE114 /* AboutMeApp.swift */; };
		BD550D622C120784004EE114 /* ContentView.swift in Sources */ = {isa = PBXBuildFile; fileRef = BD550D612C120784004EE114 /* ContentView.swift */; };
		BD550D642C120785004EE114 /* Assets.xcassets in Resources */ = {isa = PBXBuildFile; fileRef = BD550D632C120785004EE114 /* Assets.xcassets */; };
		BD550D672C120785004EE114 /* Preview Assets.xcassets in Resources */ = {isa = PBXBuildFile; fileRef = BD550D662C120785004EE114 /* Preview Assets.xcassets */; };
		BD550D712C120785004EE114 /* AboutMeTests.swift in Sources */ = {isa = PBXBuildFile; fileRef = BD550D702C120785004EE114 /* AboutMeTests.swift */; };
		BD550D7B2C120785004EE114 /* AboutMeUITests.swift in Sources */ = {isa = PBXBuildFile; fileRef = BD550D7A2C120785004EE114 /* AboutMeUITests.swift */; };
		BD550D7D2C120785004EE114 /* AboutMeUITestsLaunchTests.swift in Sources */ = {isa = PBXBuildFile; fileRef = BD550D7C2C120785004EE114 /* AboutMeUITestsLaunchTests.swift */; };
		BD550D8A2C1207C8004EE114 /* Heyam.ttf in Resources */ = {isa = PBXBuildFile; fileRef = BD550D892C1207C8004EE114 /* Heyam.ttf */; };
		BD550D8D2C120D9F004EE114 /* Nauman-Regular.ttf in Resources */ = {isa = PBXBuildFile; fileRef = BD550D8C2C120D9F004EE114 /* Nauman-Regular.ttf */; };
		BD550D8F2C120E86004EE114 /* LEMONMILK-Regular.otf in Resources */ = {isa = PBXBuildFile; fileRef = BD550D8E2C120E86004EE114 /* LEMONMILK-Regular.otf */; };
		BD550D912C121349004EE114 /* caviar_dreams in Resources */ = {isa = PBXBuildFile; fileRef = BD550D902C121349004EE114 /* caviar_dreams */; };
		BD550D932C1213E4004EE114 /* CaviarDreams.ttf in Resources */ = {isa = PBXBuildFile; fileRef = BD550D922C1213E4004EE114 /* CaviarDreams.ttf */; };
/* End PBXBuildFile section */

/* Begin PBXContainerItemProxy section */
		BD550D6D2C120785004EE114 /* PBXContainerItemProxy */ = {
			isa = PBXContainerItemProxy;
			containerPortal = BD550D542C120784004EE114 /* Project object */;
			proxyType = 1;
			remoteGlobalIDString = BD550D5B2C120784004EE114;
			remoteInfo = AboutMe;
		};
		BD550D772C120785004EE114 /* PBXContainerItemProxy */ = {
			isa = PBXContainerItemProxy;
			containerPortal = BD550D542C120784004EE114 /* Project object */;
			proxyType = 1;
			remoteGlobalIDString = BD550D5B2C120784004EE114;
			remoteInfo = AboutMe;
		};
/* End PBXContainerItemProxy section */

/* Begin PBXFileReference section */
		BD550D5C2C120784004EE114 /* AboutMe.app */ = {isa = PBXFileReference; explicitFileType = wrapper.application; includeInIndex = 0; path = AboutMe.app; sourceTree = BUILT_PRODUCTS_DIR; };
		BD550D5F2C120784004EE114 /* AboutMeApp.swift */ = {isa = PBXFileReference; lastKnownFileType = sourcecode.swift; path = AboutMeApp.swift; sourceTree = "<group>"; };
		BD550D612C120784004EE114 /* ContentView.swift */ = {isa = PBXFileReference; lastKnownFileType = sourcecode.swift; path = ContentView.swift; sourceTree = "<group>"; };
		BD550D632C120785004EE114 /* Assets.xcassets */ = {isa = PBXFileReference; lastKnownFileType = folder.assetcatalog; path = Assets.xcassets; sourceTree = "<group>"; };
		BD550D662C120785004EE114 /* Preview Assets.xcassets */ = {isa = PBXFileReference; lastKnownFileType = folder.assetcatalog; path = "Preview Assets.xcassets"; sourceTree = "<group>"; };
		BD550D6C2C120785004EE114 /* AboutMeTests.xctest */ = {isa = PBXFileReference; explicitFileType = wrapper.cfbundle; includeInIndex = 0; path = AboutMeTests.xctest; sourceTree = BUILT_PRODUCTS_DIR; };
		BD550D702C120785004EE114 /* AboutMeTests.swift */ = {isa = PBXFileReference; lastKnownFileType = sourcecode.swift; path = AboutMeTests.swift; sourceTree = "<group>"; };
		BD550D762C120785004EE114 /* AboutMeUITests.xctest */ = {isa = PBXFileReference; explicitFileType = wrapper.cfbundle; includeInIndex = 0; path = AboutMeUITests.xctest; sourceTree = BUILT_PRODUCTS_DIR; };
		BD550D7A2C120785004EE114 /* AboutMeUITests.swift */ = {isa = PBXFileReference; lastKnownFileType = sourcecode.swift; path = AboutMeUITests.swift; sourceTree = "<group>"; };
		BD550D7C2C120785004EE114 /* AboutMeUITestsLaunchTests.swift */ = {isa = PBXFileReference; lastKnownFileType = sourcecode.swift; path = AboutMeUITestsLaunchTests.swift; sourceTree = "<group>"; };
		BD550D892C1207C8004EE114 /* Heyam.ttf */ = {isa = PBXFileReference; lastKnownFileType = file; path = Heyam.ttf; sourceTree = "<group>"; };
		BD550D8B2C1207E2004EE114 /* Info.plist */ = {isa = PBXFileReference; lastKnownFileType = text.plist; path = Info.plist; sourceTree = "<group>"; };
		BD550D8C2C120D9F004EE114 /* Nauman-Regular.ttf */ = {isa = PBXFileReference; lastKnownFileType = file; path = "Nauman-Regular.ttf"; sourceTree = "<group>"; };
		BD550D8E2C120E86004EE114 /* LEMONMILK-Regular.otf */ = {isa = PBXFileReference; lastKnownFileType = file; path = "LEMONMILK-Regular.otf"; sourceTree = "<group>"; };
		BD550D902C121349004EE114 /* caviar_dreams */ = {isa = PBXFileReference; lastKnownFileType = folder; path = caviar_dreams; sourceTree = "<group>"; };
		BD550D922C1213E4004EE114 /* CaviarDreams.ttf */ = {isa = PBXFileReference; lastKnownFileType = file; path = CaviarDreams.ttf; sourceTree = "<group>"; };
/* End PBXFileReference section */

/* Begin PBXFrameworksBuildPhase section */
		BD550D592C120784004EE114 /* Frameworks */ = {
			isa = PBXFrameworksBuildPhase;
			buildActionMask = 2147483647;
			files = (
			);
			runOnlyForDeploymentPostprocessing = 0;
		};
		BD550D692C120785004EE114 /* Frameworks */ = {
			isa = PBXFrameworksBuildPhase;
			buildActionMask = 2147483647;
			files = (
			);
			runOnlyForDeploymentPostprocessing = 0;
		};
		BD550D732C120785004EE114 /* Frameworks */ = {
			isa = PBXFrameworksBuildPhase;
			buildActionMask = 2147483647;
			files = (
			);
			runOnlyForDeploymentPostprocessing = 0;
		};
/* End PBXFrameworksBuildPhase section */

/* Begin PBXGroup section */
		BD550D532C120784004EE114 = {
			isa = PBXGroup;
			children = (
				BD550D902C121349004EE114 /* caviar_dreams */,
				BD550D8E2C120E86004EE114 /* LEMONMILK-Regular.otf */,
				BD550D8C2C120D9F004EE114 /* Nauman-Regular.ttf */,
				BD550D922C1213E4004EE114 /* CaviarDreams.ttf */,
				BD550D892C1207C8004EE114 /* Heyam.ttf */,
				BD550D5E2C120784004EE114 /* AboutMe */,
				BD550D6F2C120785004EE114 /* AboutMeTests */,
				BD550D792C120785004EE114 /* AboutMeUITests */,
				BD550D5D2C120784004EE114 /* Products */,
			);
			sourceTree = "<group>";
		};
		BD550D5D2C120784004EE114 /* Products */ = {
			isa = PBXGroup;
			children = (
				BD550D5C2C120784004EE114 /* AboutMe.app */,
				BD550D6C2C120785004EE114 /* AboutMeTests.xctest */,
				BD550D762C120785004EE114 /* AboutMeUITests.xctest */,
			);
			name = Products;
			sourceTree = "<group>";
		};
		BD550D5E2C120784004EE114 /* AboutMe */ = {
			isa = PBXGroup;
			children = (
				BD550D8B2C1207E2004EE114 /* Info.plist */,
				BD550D5F2C120784004EE114 /* AboutMeApp.swift */,
				BD550D612C120784004EE114 /* ContentView.swift */,
				BD550D632C120785004EE114 /* Assets.xcassets */,
				BD550D652C120785004EE114 /* Preview Content */,
			);
			path = AboutMe;
			sourceTree = "<group>";
		};
		BD550D652C120785004EE114 /* Preview Content */ = {
			isa = PBXGroup;
			children = (
				BD550D662C120785004EE114 /* Preview Assets.xcassets */,
			);
			path = "Preview Content";
			sourceTree = "<group>";
		};
		BD550D6F2C120785004EE114 /* AboutMeTests */ = {
			isa = PBXGroup;
			children = (
				BD550D702C120785004EE114 /* AboutMeTests.swift */,
			);
			path = AboutMeTests;
			sourceTree = "<group>";
		};
		BD550D792C120785004EE114 /* AboutMeUITests */ = {
			isa = PBXGroup;
			children = (
				BD550D7A2C120785004EE114 /* AboutMeUITests.swift */,
				BD550D7C2C120785004EE114 /* AboutMeUITestsLaunchTests.swift */,
			);
			path = AboutMeUITests;
			sourceTree = "<group>";
		};
/* End PBXGroup section */

/* Begin PBXNativeTarget section */
		BD550D5B2C120784004EE114 /* AboutMe */ = {
			isa = PBXNativeTarget;
			buildConfigurationList = BD550D802C120785004EE114 /* Build configuration list for PBXNativeTarget "AboutMe" */;
			buildPhases = (
				BD550D582C120784004EE114 /* Sources */,
				BD550D592C120784004EE114 /* Frameworks */,
				BD550D5A2C120784004EE114 /* Resources */,
			);
			buildRules = (
			);
			dependencies = (
			);
			name = AboutMe;
			productName = AboutMe;
			productReference = BD550D5C2C120784004EE114 /* AboutMe.app */;
			productType = "com.apple.product-type.application";
		};
		BD550D6B2C120785004EE114 /* AboutMeTests */ = {
			isa = PBXNativeTarget;
			buildConfigurationList = BD550D832C120785004EE114 /* Build configuration list for PBXNativeTarget "AboutMeTests" */;
			buildPhases = (
				BD550D682C120785004EE114 /* Sources */,
				BD550D692C120785004EE114 /* Frameworks */,
				BD550D6A2C120785004EE114 /* Resources */,
			);
			buildRules = (
			);
			dependencies = (
				BD550D6E2C120785004EE114 /* PBXTargetDependency */,
			);
			name = AboutMeTests;
			productName = AboutMeTests;
			productReference = BD550D6C2C120785004EE114 /* AboutMeTests.xctest */;
			productType = "com.apple.product-type.bundle.unit-test";
		};
		BD550D752C120785004EE114 /* AboutMeUITests */ = {
			isa = PBXNativeTarget;
			buildConfigurationList = BD550D862C120785004EE114 /* Build configuration list for PBXNativeTarget "AboutMeUITests" */;
			buildPhases = (
				BD550D722C120785004EE114 /* Sources */,
				BD550D732C120785004EE114 /* Frameworks */,
				BD550D742C120785004EE114 /* Resources */,
			);
			buildRules = (
			);
			dependencies = (
				BD550D782C120785004EE114 /* PBXTargetDependency */,
			);
			name = AboutMeUITests;
			productName = AboutMeUITests;
			productReference = BD550D762C120785004EE114 /* AboutMeUITests.xctest */;
			productType = "com.apple.product-type.bundle.ui-testing";
		};
/* End PBXNativeTarget section */

/* Begin PBXProject section */
		BD550D542C120784004EE114 /* Project object */ = {
			isa = PBXProject;
			attributes = {
				BuildIndependentTargetsInParallel = 1;
				LastSwiftUpdateCheck = 1540;
				LastUpgradeCheck = 1540;
				TargetAttributes = {
					BD550D5B2C120784004EE114 = {
						CreatedOnToolsVersion = 15.4;
					};
					BD550D6B2C120785004EE114 = {
						CreatedOnToolsVersion = 15.4;
						TestTargetID = BD550D5B2C120784004EE114;
					};
					BD550D752C120785004EE114 = {
						CreatedOnToolsVersion = 15.4;
						TestTargetID = BD550D5B2C120784004EE114;
					};
				};
			};
			buildConfigurationList = BD550D572C120784004EE114 /* Build configuration list for PBXProject "AboutMe" */;
			compatibilityVersion = "Xcode 14.0";
			developmentRegion = en;
			hasScannedForEncodings = 0;
			knownRegions = (
				en,
				Base,
			);
			mainGroup = BD550D532C120784004EE114;
			productRefGroup = BD550D5D2C120784004EE114 /* Products */;
			projectDirPath = "";
			projectRoot = "";
			targets = (
				BD550D5B2C120784004EE114 /* AboutMe */,
				BD550D6B2C120785004EE114 /* AboutMeTests */,
				BD550D752C120785004EE114 /* AboutMeUITests */,
			);
		};
/* End PBXProject section */

/* Begin PBXResourcesBuildPhase section */
		BD550D5A2C120784004EE114 /* Resources */ = {
			isa = PBXResourcesBuildPhase;
			buildActionMask = 2147483647;
			files = (
				BD550D8A2C1207C8004EE114 /* Heyam.ttf in Resources */,
				BD550D8D2C120D9F004EE114 /* Nauman-Regular.ttf in Resources */,
				BD550D912C121349004EE114 /* caviar_dreams in Resources */,
				BD550D932C1213E4004EE114 /* CaviarDreams.ttf in Resources */,
				BD550D8F2C120E86004EE114 /* LEMONMILK-Regular.otf in Resources */,
				BD550D672C120785004EE114 /* Preview Assets.xcassets in Resources */,
				BD550D642C120785004EE114 /* Assets.xcassets in Resources */,
			);
			runOnlyForDeploymentPostprocessing = 0;
		};
		BD550D6A2C120785004EE114 /* Resources */ = {
			isa = PBXResourcesBuildPhase;
			buildActionMask = 2147483647;
			files = (
			);
			runOnlyForDeploymentPostprocessing = 0;
		};
		BD550D742C120785004EE114 /* Resources */ = {
			isa = PBXResourcesBuildPhase;
			buildActionMask = 2147483647;
			files = (
			);
			runOnlyForDeploymentPostprocessing = 0;
		};
/* End PBXResourcesBuildPhase section */

/* Begin PBXSourcesBuildPhase section */
		BD550D582C120784004EE114 /* Sources */ = {
			isa = PBXSourcesBuildPhase;
			buildActionMask = 2147483647;
			files = (
				BD550D622C120784004EE114 /* ContentView.swift in Sources */,
				BD550D602C120784004EE114 /* AboutMeApp.swift in Sources */,
			);
			runOnlyForDeploymentPostprocessing = 0;
		};
		BD550D682C120785004EE114 /* Sources */ = {
			isa = PBXSourcesBuildPhase;
			buildActionMask = 2147483647;
			files = (
				BD550D712C120785004EE114 /* AboutMeTests.swift in Sources */,
			);
			runOnlyForDeploymentPostprocessing = 0;
		};
		BD550D722C120785004EE114 /* Sources */ = {
			isa = PBXSourcesBuildPhase;
			buildActionMask = 2147483647;
			files = (
				BD550D7D2C120785004EE114 /* AboutMeUITestsLaunchTests.swift in Sources */,
				BD550D7B2C120785004EE114 /* AboutMeUITests.swift in Sources */,
			);
			runOnlyForDeploymentPostprocessing = 0;
		};
/* End PBXSourcesBuildPhase section */

/* Begin PBXTargetDependency section */
		BD550D6E2C120785004EE114 /* PBXTargetDependency */ = {
			isa = PBXTargetDependency;
			target = BD550D5B2C120784004EE114 /* AboutMe */;
			targetProxy = BD550D6D2C120785004EE114 /* PBXContainerItemProxy */;
		};
		BD550D782C120785004EE114 /* PBXTargetDependency */ = {
			isa = PBXTargetDependency;
			target = BD550D5B2C120784004EE114 /* AboutMe */;
			targetProxy = BD550D772C120785004EE114 /* PBXContainerItemProxy */;
		};
/* End PBXTargetDependency section */

/* Begin XCBuildConfiguration section */
		BD550D7E2C120785004EE114 /* Debug */ = {
			isa = XCBuildConfiguration;
			buildSettings = {
				ALWAYS_SEARCH_USER_PATHS = NO;
				ASSETCATALOG_COMPILER_GENERATE_SWIFT_ASSET_SYMBOL_EXTENSIONS = YES;
				CLANG_ANALYZER_NONNULL = YES;
				CLANG_ANALYZER_NUMBER_OBJECT_CONVERSION = YES_AGGRESSIVE;
				CLANG_CXX_LANGUAGE_STANDARD = "gnu++20";
				CLANG_ENABLE_MODULES = YES;
				CLANG_ENABLE_OBJC_ARC = YES;
				CLANG_ENABLE_OBJC_WEAK = YES;
				CLANG_WARN_BLOCK_CAPTURE_AUTORELEASING = YES;
				CLANG_WARN_BOOL_CONVERSION = YES;
				CLANG_WARN_COMMA = YES;
				CLANG_WARN_CONSTANT_CONVERSION = YES;
				CLANG_WARN_DEPRECATED_OBJC_IMPLEMENTATIONS = YES;
				CLANG_WARN_DIRECT_OBJC_ISA_USAGE = YES_ERROR;
				CLANG_WARN_DOCUMENTATION_COMMENTS = YES;
				CLANG_WARN_EMPTY_BODY = YES;
				CLANG_WARN_ENUM_CONVERSION = YES;
				CLANG_WARN_INFINITE_RECURSION = YES;
				CLANG_WARN_INT_CONVERSION = YES;
				CLANG_WARN_NON_LITERAL_NULL_CONVERSION = YES;
				CLANG_WARN_OBJC_IMPLICIT_RETAIN_SELF = YES;
				CLANG_WARN_OBJC_LITERAL_CONVERSION = YES;
				CLANG_WARN_OBJC_ROOT_CLASS = YES_ERROR;
				CLANG_WARN_QUOTED_INCLUDE_IN_FRAMEWORK_HEADER = YES;
				CLANG_WARN_RANGE_LOOP_ANALYSIS = YES;
				CLANG_WARN_STRICT_PROTOTYPES = YES;
				CLANG_WARN_SUSPICIOUS_MOVE = YES;
				CLANG_WARN_UNGUARDED_AVAILABILITY = YES_AGGRESSIVE;
				CLANG_WARN_UNREACHABLE_CODE = YES;
				CLANG_WARN__DUPLICATE_METHOD_MATCH = YES;
				COPY_PHASE_STRIP = NO;
				DEBUG_INFORMATION_FORMAT = dwarf;
				ENABLE_STRICT_OBJC_MSGSEND = YES;
				ENABLE_TESTABILITY = YES;
				ENABLE_USER_SCRIPT_SANDBOXING = YES;
				GCC_C_LANGUAGE_STANDARD = gnu17;
				GCC_DYNAMIC_NO_PIC = NO;
				GCC_NO_COMMON_BLOCKS = YES;
				GCC_OPTIMIZATION_LEVEL = 0;
				GCC_PREPROCESSOR_DEFINITIONS = (
					"DEBUG=1",
					"$(inherited)",
				);
				GCC_WARN_64_TO_32_BIT_CONVERSION = YES;
				GCC_WARN_ABOUT_RETURN_TYPE = YES_ERROR;
				GCC_WARN_UNDECLARED_SELECTOR = YES;
				GCC_WARN_UNINITIALIZED_AUTOS = YES_AGGRESSIVE;
				GCC_WARN_UNUSED_FUNCTION = YES;
				GCC_WARN_UNUSED_VARIABLE = YES;
				IPHONEOS_DEPLOYMENT_TARGET = 17.5;
				LOCALIZATION_PREFERS_STRING_CATALOGS = YES;
				MTL_ENABLE_DEBUG_INFO = INCLUDE_SOURCE;
				MTL_FAST_MATH = YES;
				ONLY_ACTIVE_ARCH = YES;
				SDKROOT = iphoneos;
				SWIFT_ACTIVE_COMPILATION_CONDITIONS = "DEBUG $(inherited)";
				SWIFT_OPTIMIZATION_LEVEL = "-Onone";
			};
			name = Debug;
		};
		BD550D7F2C120785004EE114 /* Release */ = {
			isa = XCBuildConfiguration;
			buildSettings = {
				ALWAYS_SEARCH_USER_PATHS = NO;
				ASSETCATALOG_COMPILER_GENERATE_SWIFT_ASSET_SYMBOL_EXTENSIONS = YES;
				CLANG_ANALYZER_NONNULL = YES;
				CLANG_ANALYZER_NUMBER_OBJECT_CONVERSION = YES_AGGRESSIVE;
				CLANG_CXX_LANGUAGE_STANDARD = "gnu++20";
				CLANG_ENABLE_MODULES = YES;
				CLANG_ENABLE_OBJC_ARC = YES;
				CLANG_ENABLE_OBJC_WEAK = YES;
				CLANG_WARN_BLOCK_CAPTURE_AUTORELEASING = YES;
				CLANG_WARN_BOOL_CONVERSION = YES;
				CLANG_WARN_COMMA = YES;
				CLANG_WARN_CONSTANT_CONVERSION = YES;
				CLANG_WARN_DEPRECATED_OBJC_IMPLEMENTATIONS = YES;
				CLANG_WARN_DIRECT_OBJC_ISA_USAGE = YES_ERROR;
				CLANG_WARN_DOCUMENTATION_COMMENTS = YES;
				CLANG_WARN_EMPTY_BODY = YES;
				CLANG_WARN_ENUM_CONVERSION = YES;
				CLANG_WARN_INFINITE_RECURSION = YES;
				CLANG_WARN_INT_CONVERSION = YES;
				CLANG_WARN_NON_LITERAL_NULL_CONVERSION = YES;
				CLANG_WARN_OBJC_IMPLICIT_RETAIN_SELF = YES;
				CLANG_WARN_OBJC_LITERAL_CONVERSION = YES;
				CLANG_WARN_OBJC_ROOT_CLASS = YES_ERROR;
				CLANG_WARN_QUOTED_INCLUDE_IN_FRAMEWORK_HEADER = YES;
				CLANG_WARN_RANGE_LOOP_ANALYSIS = YES;
				CLANG_WARN_STRICT_PROTOTYPES = YES;
				CLANG_WARN_SUSPICIOUS_MOVE = YES;
				CLANG_WARN_UNGUARDED_AVAILABILITY = YES_AGGRESSIVE;
				CLANG_WARN_UNREACHABLE_CODE = YES;
				CLANG_WARN__DUPLICATE_METHOD_MATCH = YES;
				COPY_PHASE_STRIP = NO;
				DEBUG_INFORMATION_FORMAT = "dwarf-with-dsym";
				ENABLE_NS_ASSERTIONS = NO;
				ENABLE_STRICT_OBJC_MSGSEND = YES;
				ENABLE_USER_SCRIPT_SANDBOXING = YES;
				GCC_C_LANGUAGE_STANDARD = gnu17;
				GCC_NO_COMMON_BLOCKS = YES;
				GCC_WARN_64_TO_32_BIT_CONVERSION = YES;
				GCC_WARN_ABOUT_RETURN_TYPE = YES_ERROR;
				GCC_WARN_UNDECLARED_SELECTOR = YES;
				GCC_WARN_UNINITIALIZED_AUTOS = YES_AGGRESSIVE;
				GCC_WARN_UNUSED_FUNCTION = YES;
				GCC_WARN_UNUSED_VARIABLE = YES;
				IPHONEOS_DEPLOYMENT_TARGET = 17.5;
				LOCALIZATION_PREFERS_STRING_CATALOGS = YES;
				MTL_ENABLE_DEBUG_INFO = NO;
				MTL_FAST_MATH = YES;
				SDKROOT = iphoneos;
				SWIFT_COMPILATION_MODE = wholemodule;
				VALIDATE_PRODUCT = YES;
			};
			name = Release;
		};
		BD550D812C120785004EE114 /* Debug */ = {
			isa = XCBuildConfiguration;
			buildSettings = {
				ASSETCATALOG_COMPILER_APPICON_NAME = AppIcon;
				ASSETCATALOG_COMPILER_GLOBAL_ACCENT_COLOR_NAME = AccentColor;
				CODE_SIGN_STYLE = Automatic;
				CURRENT_PROJECT_VERSION = 1;
				DEVELOPMENT_ASSET_PATHS = "\"AboutMe/Preview Content\"";
				ENABLE_PREVIEWS = YES;
				GENERATE_INFOPLIST_FILE = YES;
				INFOPLIST_FILE = AboutMe/Info.plist;
				INFOPLIST_KEY_UIApplicationSceneManifest_Generation = YES;
				INFOPLIST_KEY_UIApplicationSupportsIndirectInputEvents = YES;
				INFOPLIST_KEY_UILaunchScreen_Generation = YES;
				INFOPLIST_KEY_UISupportedInterfaceOrientations_iPad = "UIInterfaceOrientationPortrait UIInterfaceOrientationPortraitUpsideDown UIInterfaceOrientationLandscapeLeft UIInterfaceOrientationLandscapeRight";
				INFOPLIST_KEY_UISupportedInterfaceOrientations_iPhone = "UIInterfaceOrientationPortrait UIInterfaceOrientationLandscapeLeft UIInterfaceOrientationLandscapeRight";
				LD_RUNPATH_SEARCH_PATHS = (
					"$(inherited)",
					"@executable_path/Frameworks",
				);
				MARKETING_VERSION = 1.0;
				PRODUCT_BUNDLE_IDENTIFIER = kwk.AboutMe;
				PRODUCT_NAME = "$(TARGET_NAME)";
				SWIFT_EMIT_LOC_STRINGS = YES;
				SWIFT_VERSION = 5.0;
				TARGETED_DEVICE_FAMILY = "1,2";
			};
			name = Debug;
		};
		BD550D822C120785004EE114 /* Release */ = {
			isa = XCBuildConfiguration;
			buildSettings = {
				ASSETCATALOG_COMPILER_APPICON_NAME = AppIcon;
				ASSETCATALOG_COMPILER_GLOBAL_ACCENT_COLOR_NAME = AccentColor;
				CODE_SIGN_STYLE = Automatic;
				CURRENT_PROJECT_VERSION = 1;
				DEVELOPMENT_ASSET_PATHS = "\"AboutMe/Preview Content\"";
				ENABLE_PREVIEWS = YES;
				GENERATE_INFOPLIST_FILE = YES;
				INFOPLIST_FILE = AboutMe/Info.plist;
				INFOPLIST_KEY_UIApplicationSceneManifest_Generation = YES;
				INFOPLIST_KEY_UIApplicationSupportsIndirectInputEvents = YES;
				INFOPLIST_KEY_UILaunchScreen_Generation = YES;
				INFOPLIST_KEY_UISupportedInterfaceOrientations_iPad = "UIInterfaceOrientationPortrait UIInterfaceOrientationPortraitUpsideDown UIInterfaceOrientationLandscapeLeft UIInterfaceOrientationLandscapeRight";
				INFOPLIST_KEY_UISupportedInterfaceOrientations_iPhone = "UIInterfaceOrientationPortrait UIInterfaceOrientationLandscapeLeft UIInterfaceOrientationLandscapeRight";
				LD_RUNPATH_SEARCH_PATHS = (
					"$(inherited)",
					"@executable_path/Frameworks",
				);
				MARKETING_VERSION = 1.0;
				PRODUCT_BUNDLE_IDENTIFIER = kwk.AboutMe;
				PRODUCT_NAME = "$(TARGET_NAME)";
				SWIFT_EMIT_LOC_STRINGS = YES;
				SWIFT_VERSION = 5.0;
				TARGETED_DEVICE_FAMILY = "1,2";
			};
			name = Release;
		};
		BD550D842C120785004EE114 /* Debug */ = {
			isa = XCBuildConfiguration;
			buildSettings = {
				ALWAYS_EMBED_SWIFT_STANDARD_LIBRARIES = YES;
				BUNDLE_LOADER = "$(TEST_HOST)";
				CODE_SIGN_STYLE = Automatic;
				CURRENT_PROJECT_VERSION = 1;
				GENERATE_INFOPLIST_FILE = YES;
				IPHONEOS_DEPLOYMENT_TARGET = 17.5;
				MARKETING_VERSION = 1.0;
				PRODUCT_BUNDLE_IDENTIFIER = kwk.AboutMeTests;
				PRODUCT_NAME = "$(TARGET_NAME)";
				SWIFT_EMIT_LOC_STRINGS = NO;
				SWIFT_VERSION = 5.0;
				TARGETED_DEVICE_FAMILY = "1,2";
				TEST_HOST = "$(BUILT_PRODUCTS_DIR)/AboutMe.app/$(BUNDLE_EXECUTABLE_FOLDER_PATH)/AboutMe";
			};
			name = Debug;
		};
		BD550D852C120785004EE114 /* Release */ = {
			isa = XCBuildConfiguration;
			buildSettings = {
				ALWAYS_EMBED_SWIFT_STANDARD_LIBRARIES = YES;
				BUNDLE_LOADER = "$(TEST_HOST)";
				CODE_SIGN_STYLE = Automatic;
				CURRENT_PROJECT_VERSION = 1;
				GENERATE_INFOPLIST_FILE = YES;
				IPHONEOS_DEPLOYMENT_TARGET = 17.5;
				MARKETING_VERSION = 1.0;
				PRODUCT_BUNDLE_IDENTIFIER = kwk.AboutMeTests;
				PRODUCT_NAME = "$(TARGET_NAME)";
				SWIFT_EMIT_LOC_STRINGS = NO;
				SWIFT_VERSION = 5.0;
				TARGETED_DEVICE_FAMILY = "1,2";
				TEST_HOST = "$(BUILT_PRODUCTS_DIR)/AboutMe.app/$(BUNDLE_EXECUTABLE_FOLDER_PATH)/AboutMe";
			};
			name = Release;
		};
		BD550D872C120785004EE114 /* Debug */ = {
			isa = XCBuildConfiguration;
			buildSettings = {
				ALWAYS_EMBED_SWIFT_STANDARD_LIBRARIES = YES;
				CODE_SIGN_STYLE = Automatic;
				CURRENT_PROJECT_VERSION = 1;
				GENERATE_INFOPLIST_FILE = YES;
				MARKETING_VERSION = 1.0;
				PRODUCT_BUNDLE_IDENTIFIER = kwk.AboutMeUITests;
				PRODUCT_NAME = "$(TARGET_NAME)";
				SWIFT_EMIT_LOC_STRINGS = NO;
				SWIFT_VERSION = 5.0;
				TARGETED_DEVICE_FAMILY = "1,2";
				TEST_TARGET_NAME = AboutMe;
			};
			name = Debug;
		};
		BD550D882C120785004EE114 /* Release */ = {
			isa = XCBuildConfiguration;
			buildSettings = {
				ALWAYS_EMBED_SWIFT_STANDARD_LIBRARIES = YES;
				CODE_SIGN_STYLE = Automatic;
				CURRENT_PROJECT_VERSION = 1;
				GENERATE_INFOPLIST_FILE = YES;
				MARKETING_VERSION = 1.0;
				PRODUCT_BUNDLE_IDENTIFIER = kwk.AboutMeUITests;
				PRODUCT_NAME = "$(TARGET_NAME)";
				SWIFT_EMIT_LOC_STRINGS = NO;
				SWIFT_VERSION = 5.0;
				TARGETED_DEVICE_FAMILY = "1,2";
				TEST_TARGET_NAME = AboutMe;
			};
			name = Release;
		};
/* End XCBuildConfiguration section */

/* Begin XCConfigurationList section */
		BD550D572C120784004EE114 /* Build configuration list for PBXProject "AboutMe" */ = {
			isa = XCConfigurationList;
			buildConfigurations = (
				BD550D7E2C120785004EE114 /* Debug */,
				BD550D7F2C120785004EE114 /* Release */,
			);
			defaultConfigurationIsVisible = 0;
			defaultConfigurationName = Release;
		};
		BD550D802C120785004EE114 /* Build configuration list for PBXNativeTarget "AboutMe" */ = {
			isa = XCConfigurationList;
			buildConfigurations = (
				BD550D812C120785004EE114 /* Debug */,
				BD550D822C120785004EE114 /* Release */,
			);
			defaultConfigurationIsVisible = 0;
			defaultConfigurationName = Release;
		};
		BD550D832C120785004EE114 /* Build configuration list for PBXNativeTarget "AboutMeTests" */ = {
			isa = XCConfigurationList;
			buildConfigurations = (
				BD550D842C120785004EE114 /* Debug */,
				BD550D852C120785004EE114 /* Release */,
			);
			defaultConfigurationIsVisible = 0;
			defaultConfigurationName = Release;
		};
		BD550D862C120785004EE114 /* Build configuration list for PBXNativeTarget "AboutMeUITests" */ = {
			isa = XCConfigurationList;
			buildConfigurations = (
				BD550D872C120785004EE114 /* Debug */,
				BD550D882C120785004EE114 /* Release */,
			);
			defaultConfigurationIsVisible = 0;
			defaultConfigurationName = Release;
		};
/* End XCConfigurationList section */
	};
	rootObject = BD550D542C120784004EE114 /* Project object */;
}
